
Microsoft Visual Studio Solution File, Format Version 12.00
# Visual Studio Version 17
VisualStudioVersion = 17.0.32126.317
MinimumVisualStudioVersion = 10.0.40219.1
Project("{FAE04EC0-301F-11D3-BF4B-00C04F79EFBC}") = "Labwork1Sample3", "LabworkSample3\Labwork1Sample3.csproj", "{B254CDE4-4913-40A4-BD6B-FA5CD61DCDAC}"
EndProject
Global
	GlobalSection(SolutionConfigurationPlatforms) = preSolution
		Debug|Any CPU = Debug|Any CPU
		Release|Any CPU = Release|Any CPU
	EndGlobalSection
	GlobalSection(ProjectConfigurationPlatforms) = postSolution
		{B254CDE4-4913-40A4-BD6B-FA5CD61DCDAC}.Debug|Any CPU.ActiveCfg = Debug|Any CPU
		{B254CDE4-4913-40A4-BD6B-FA5CD61DCDAC}.Debug|Any CPU.Build.0 = Debug|Any CPU
		{B254CDE4-4913-40A4-BD6B-FA5CD61DCDAC}.Release|Any CPU.ActiveCfg = Release|Any CPU
		{B254CDE4-4913-40A4-BD6B-FA5CD61DCDAC}.Release|Any CPU.Build.0 = Release|Any CPU
	EndGlobalSection
	GlobalSection(SolutionProperties) = preSolution
		HideSolutionNode = FALSE
	EndGlobalSection
	GlobalSection(ExtensibilityGlobals) = postSolution
		SolutionGuid = {789C92FD-6DAD-4807-8ED2-09E051319AB5}
	EndGlobalSection
EndGlobal
